
Microsoft Visual Studio Solution File, Format Version 12.00
# Visual Studio Version 17
VisualStudioVersion = 17.0.32112.339
MinimumVisualStudioVersion = 10.0.40219.1
Project("{FAE04EC0-301F-11D3-BF4B-00C04F79EFBC}") = "Grafkom1", "Grafkom1\Grafkom1.csproj", "{006C4710-B1E4-4820-8DAC-43B89722AB6C}"
EndProject
Project("{9A19103F-16F7-4668-BE54-9A1E7A4F7556}") = "Common", "Common\Common.csproj", "{169AC2B8-AA47-4E3B-AC7B-FC920D50BB29}"
EndProject
Global
	GlobalSection(SolutionConfigurationPlatforms) = preSolution
		Debug|Any CPU = Debug|Any CPU
		Release|Any CPU = Release|Any CPU
	EndGlobalSection
	GlobalSection(ProjectConfigurationPlatforms) = postSolution
		{006C4710-B1E4-4820-8DAC-43B89722AB6C}.Debug|Any CPU.ActiveCfg = Debug|Any CPU
		{006C4710-B1E4-4820-8DAC-43B89722AB6C}.Debug|Any CPU.Build.0 = Debug|Any CPU
		{006C4710-B1E4-4820-8DAC-43B89722AB6C}.Release|Any CPU.ActiveCfg = Release|Any CPU
		{006C4710-B1E4-4820-8DAC-43B89722AB6C}.Release|Any CPU.Build.0 = Release|Any CPU
		{169AC2B8-AA47-4E3B-AC7B-FC920D50BB29}.Debug|Any CPU.ActiveCfg = Debug|Any CPU
		{169AC2B8-AA47-4E3B-AC7B-FC920D50BB29}.Debug|Any CPU.Build.0 = Debug|Any CPU
		{169AC2B8-AA47-4E3B-AC7B-FC920D50BB29}.Release|Any CPU.ActiveCfg = Release|Any CPU
		{169AC2B8-AA47-4E3B-AC7B-FC920D50BB29}.Release|Any CPU.Build.0 = Release|Any CPU
	EndGlobalSection
	GlobalSection(SolutionProperties) = preSolution
		HideSolutionNode = FALSE
	EndGlobalSection
	GlobalSection(ExtensibilityGlobals) = postSolution
		SolutionGuid = {7761633E-6B8C-4301-B2DC-B716369BF0F6}
	EndGlobalSection
EndGlobal
